
Microsoft Visual Studio Solution File, Format Version 12.00
# Visual Studio Version 17
VisualStudioVersion = 17.3.32929.385
MinimumVisualStudioVersion = 10.0.40219.1
Project("{FAE04EC0-301F-11D3-BF4B-00C04F79EFBC}") = "我是志愿者小游戏", "我是志愿者小游戏.csproj", "{6AA84B00-6297-4013-9CB4-0C2B2E8D255C}"
EndProject
Global
	GlobalSection(SolutionConfigurationPlatforms) = preSolution
		Debug|Any CPU = Debug|Any CPU
		Release|Any CPU = Release|Any CPU
	EndGlobalSection
	GlobalSection(ProjectConfigurationPlatforms) = postSolution
		{6AA84B00-6297-4013-9CB4-0C2B2E8D255C}.Debug|Any CPU.ActiveCfg = Debug|Any CPU
		{6AA84B00-6297-4013-9CB4-0C2B2E8D255C}.Debug|Any CPU.Build.0 = Debug|Any CPU
		{6AA84B00-6297-4013-9CB4-0C2B2E8D255C}.Release|Any CPU.ActiveCfg = Release|Any CPU
		{6AA84B00-6297-4013-9CB4-0C2B2E8D255C}.Release|Any CPU.Build.0 = Release|Any CPU
	EndGlobalSection
	GlobalSection(SolutionProperties) = preSolution
		HideSolutionNode = FALSE
	EndGlobalSection
	GlobalSection(ExtensibilityGlobals) = postSolution
		SolutionGuid = {B85C7651-B520-4AF4-BA74-5FC6DE9E775F}
	EndGlobalSection
EndGlobal
